github.com/notaryproject/notation-core-go v1.0.0-rc.2 h1:nNJuXa12jVNSSETjGNJEcZgv1NwY5ToYPo+c0P9syCI=
github.com/notaryproject/notation-core-go v1.0.0-rc.2/go.mod h1:ASoc9KbJkSHLbKhO96lb0pIEWJRMZq9oprwBSZ0EAx0=
github.com/notaryproject/notation-go v1.0.0-rc.3 h1:J93pnI42xw6UzeeCn8a5r3j1n8n5nHjnM3GwrsHzjkQ=
github.com/notaryproject/notation-go v1.0.0-rc.3/go.mod h1:IlP9GVzPUavxljgJIWoHY0GY1unlqfee7tIiCbSem1w=
